// !$*UTF8*$!
{
	archiveVersion = 1;
	classes = {
	};
	objectVersion = 48;
	objects = {

/* Begin PBXBuildFile section */
		66BE21431FF7A86B0078C610 /* AppDelegate.swift in Sources */ = {isa = PBXBuildFile; fileRef = 66BE21421FF7A86B0078C610 /* AppDelegate.swift */; };
		66BE21481FF7A86B0078C610 /* Main.storyboard in Resources */ = {isa = PBXBuildFile; fileRef = 66BE21461FF7A86B0078C610 /* Main.storyboard */; };
		66BE214A1FF7A86B0078C610 /* Assets.xcassets in Resources */ = {isa = PBXBuildFile; fileRef = 66BE21491FF7A86B0078C610 /* Assets.xcassets */; };
		66BE214D1FF7A86B0078C610 /* LaunchScreen.storyboard in Resources */ = {isa = PBXBuildFile; fileRef = 66BE214B1FF7A86B0078C610 /* LaunchScreen.storyboard */; };
		66BE21581FF7A86B0078C610 /* FinalTests.swift in Sources */ = {isa = PBXBuildFile; fileRef = 66BE21571FF7A86B0078C610 /* FinalTests.swift */; };
		66BE21631FF7A86B0078C610 /* FinalUITests.swift in Sources */ = {isa = PBXBuildFile; fileRef = 66BE21621FF7A86B0078C610 /* FinalUITests.swift */; };
		66BE217B1FF7D2740078C610 /* AttractionTableViewCell.swift in Sources */ = {isa = PBXBuildFile; fileRef = 66BE217A1FF7D2740078C610 /* AttractionTableViewCell.swift */; };
		66BE217F1FF900D80078C610 /* AttractionTableViewController.swift in Sources */ = {isa = PBXBuildFile; fileRef = 66BE217E1FF900D80078C610 /* AttractionTableViewController.swift */; };
		66BE21811FF901370078C610 /* RestaurantTableViewController.swift in Sources */ = {isa = PBXBuildFile; fileRef = 66BE21801FF901370078C610 /* RestaurantTableViewController.swift */; };
		66BE21831FF9014C0078C610 /* RestaurantTableViewCell.swift in Sources */ = {isa = PBXBuildFile; fileRef = 66BE21821FF9014C0078C610 /* RestaurantTableViewCell.swift */; };
/* End PBXBuildFile section */

/* Begin PBXContainerItemProxy section */
		66BE21541FF7A86B0078C610 /* PBXContainerItemProxy */ = {
			isa = PBXContainerItemProxy;
			containerPortal = 66BE21371FF7A86B0078C610 /* Project object */;
			proxyType = 1;
			remoteGlobalIDString = 66BE213E1FF7A86B0078C610;
			remoteInfo = Final;
		};
		66BE215F1FF7A86B0078C610 /* PBXContainerItemProxy */ = {
			isa = PBXContainerItemProxy;
			containerPortal = 66BE21371FF7A86B0078C610 /* Project object */;
			proxyType = 1;
			remoteGlobalIDString = 66BE213E1FF7A86B0078C610;
			remoteInfo = Final;
		};
/* End PBXContainerItemProxy section */

/* Begin PBXFileReference section */
		66BE213F1FF7A86B0078C610 /* Final.app */ = {isa = PBXFileReference; explicitFileType = wrapper.application; includeInIndex = 0; path = Final.app; sourceTree = BUILT_PRODUCTS_DIR; };
		66BE21421FF7A86B0078C610 /* AppDelegate.swift */ = {isa = PBXFileReference; lastKnownFileType = sourcecode.swift; path = AppDelegate.swift; sourceTree = "<group>"; };
		66BE21471FF7A86B0078C610 /* Base */ = {isa = PBXFileReference; lastKnownFileType = file.storyboard; name = Base; path = Base.lproj/Main.storyboard; sourceTree = "<group>"; };
		66BE21491FF7A86B0078C610 /* Assets.xcassets */ = {isa = PBXFileReference; lastKnownFileType = folder.assetcatalog; path = Assets.xcassets; sourceTree = "<group>"; };
		66BE214C1FF7A86B0078C610 /* Base */ = {isa = PBXFileReference; lastKnownFileType = file.storyboard; name = Base; path = Base.lproj/LaunchScreen.storyboard; sourceTree = "<group>"; };
		66BE214E1FF7A86B0078C610 /* Info.plist */ = {isa = PBXFileReference; lastKnownFileType = text.plist.xml; path = Info.plist; sourceTree = "<group>"; };
		66BE21531FF7A86B0078C610 /* FinalTests.xctest */ = {isa = PBXFileReference; explicitFileType = wrapper.cfbundle; includeInIndex = 0; path = FinalTests.xctest; sourceTree = BUILT_PRODUCTS_DIR; };
		66BE21571FF7A86B0078C610 /* FinalTests.swift */ = {isa = PBXFileReference; lastKnownFileType = sourcecode.swift; path = FinalTests.swift; sourceTree = "<group>"; };
		66BE21591FF7A86B0078C610 /* Info.plist */ = {isa = PBXFileReference; lastKnownFileType = text.plist.xml; path = Info.plist; sourceTree = "<group>"; };
		66BE215E1FF7A86B0078C610 /* FinalUITests.xctest */ = {isa = PBXFileReference; explicitFileType = wrapper.cfbundle; includeInIndex = 0; path = FinalUITests.xctest; sourceTree = BUILT_PRODUCTS_DIR; };
		66BE21621FF7A86B0078C610 /* FinalUITests.swift */ = {isa = PBXFileReference; lastKnownFileType = sourcecode.swift; path = FinalUITests.swift; sourceTree = "<group>"; };
		66BE21641FF7A86B0078C610 /* Info.plist */ = {isa = PBXFileReference; lastKnownFileType = text.plist.xml; path = Info.plist; sourceTree = "<group>"; };
		66BE217A1FF7D2740078C610 /* AttractionTableViewCell.swift */ = {isa = PBXFileReference; lastKnownFileType = sourcecode.swift; path = AttractionTableViewCell.swift; sourceTree = "<group>"; };
		66BE217E1FF900D80078C610 /* AttractionTableViewController.swift */ = {isa = PBXFileReference; fileEncoding = 4; lastKnownFileType = sourcecode.swift; path = AttractionTableViewController.swift; sourceTree = "<group>"; };
		66BE21801FF901370078C610 /* RestaurantTableViewController.swift */ = {isa = PBXFileReference; lastKnownFileType = sourcecode.swift; path = RestaurantTableViewController.swift; sourceTree = "<group>"; };
		66BE21821FF9014C0078C610 /* RestaurantTableViewCell.swift */ = {isa = PBXFileReference; lastKnownFileType = sourcecode.swift; path = RestaurantTableViewCell.swift; sourceTree = "<group>"; };
/* End PBXFileReference section */

/* Begin PBXFrameworksBuildPhase section */
		66BE213C1FF7A86B0078C610 /* Frameworks */ = {
			isa = PBXFrameworksBuildPhase;
			buildActionMask = 2147483647;
			files = (
			);
			runOnlyForDeploymentPostprocessing = 0;
		};
		66BE21501FF7A86B0078C610 /* Frameworks */ = {
			isa = PBXFrameworksBuildPhase;
			buildActionMask = 2147483647;
			files = (
			);
			runOnlyForDeploymentPostprocessing = 0;
		};
		66BE215B1FF7A86B0078C610 /* Frameworks */ = {
			isa = PBXFrameworksBuildPhase;
			buildActionMask = 2147483647;
			files = (
			);
			runOnlyForDeploymentPostprocessing = 0;
		};
/* End PBXFrameworksBuildPhase section */

/* Begin PBXGroup section */
		66BE21361FF7A86B0078C610 = {
			isa = PBXGroup;
			children = (
				66BE21411FF7A86B0078C610 /* Final */,
				66BE21561FF7A86B0078C610 /* FinalTests */,
				66BE21611FF7A86B0078C610 /* FinalUITests */,
				66BE21401FF7A86B0078C610 /* Products */,
			);
			sourceTree = "<group>";
		};
		66BE21401FF7A86B0078C610 /* Products */ = {
			isa = PBXGroup;
			children = (
				66BE213F1FF7A86B0078C610 /* Final.app */,
				66BE21531FF7A86B0078C610 /* FinalTests.xctest */,
				66BE215E1FF7A86B0078C610 /* FinalUITests.xctest */,
			);
			name = Products;
			sourceTree = "<group>";
		};
		66BE21411FF7A86B0078C610 /* Final */ = {
			isa = PBXGroup;
			children = (
				66BE21421FF7A86B0078C610 /* AppDelegate.swift */,
				66BE21461FF7A86B0078C610 /* Main.storyboard */,
				66BE21491FF7A86B0078C610 /* Assets.xcassets */,
				66BE214B1FF7A86B0078C610 /* LaunchScreen.storyboard */,
				66BE214E1FF7A86B0078C610 /* Info.plist */,
				66BE217E1FF900D80078C610 /* AttractionTableViewController.swift */,
				66BE217A1FF7D2740078C610 /* AttractionTableViewCell.swift */,
				66BE21801FF901370078C610 /* RestaurantTableViewController.swift */,
				66BE21821FF9014C0078C610 /* RestaurantTableViewCell.swift */,
			);
			path = Final;
			sourceTree = "<group>";
		};
		66BE21561FF7A86B0078C610 /* FinalTests */ = {
			isa = PBXGroup;
			children = (
				66BE21571FF7A86B0078C610 /* FinalTests.swift */,
				66BE21591FF7A86B0078C610 /* Info.plist */,
			);
			path = FinalTests;
			sourceTree = "<group>";
		};
		66BE21611FF7A86B0078C610 /* FinalUITests */ = {
			isa = PBXGroup;
			children = (
				66BE21621FF7A86B0078C610 /* FinalUITests.swift */,
				66BE21641FF7A86B0078C610 /* Info.plist */,
			);
			path = FinalUITests;
			sourceTree = "<group>";
		};
/* End PBXGroup section */

/* Begin PBXNativeTarget section */
		66BE213E1FF7A86B0078C610 /* Final */ = {
			isa = PBXNativeTarget;
			buildConfigurationList = 66BE21671FF7A86B0078C610 /* Build configuration list for PBXNativeTarget "Final" */;
			buildPhases = (
				66BE213B1FF7A86B0078C610 /* Sources */,
				66BE213C1FF7A86B0078C610 /* Frameworks */,
				66BE213D1FF7A86B0078C610 /* Resources */,
			);
			buildRules = (
			);
			dependencies = (
			);
			name = Final;
			productName = Final;
			productReference = 66BE213F1FF7A86B0078C610 /* Final.app */;
			productType = "com.apple.product-type.application";
		};
		66BE21521FF7A86B0078C610 /* FinalTests */ = {
			isa = PBXNativeTarget;
			buildConfigurationList = 66BE216A1FF7A86B0078C610 /* Build configuration list for PBXNativeTarget "FinalTests" */;
			buildPhases = (
				66BE214F1FF7A86B0078C610 /* Sources */,
				66BE21501FF7A86B0078C610 /* Frameworks */,
				66BE21511FF7A86B0078C610 /* Resources */,
			);
			buildRules = (
			);
			dependencies = (
				66BE21551FF7A86B0078C610 /* PBXTargetDependency */,
			);
			name = FinalTests;
			productName = FinalTests;
			productReference = 66BE21531FF7A86B0078C610 /* FinalTests.xctest */;
			productType = "com.apple.product-type.bundle.unit-test";
		};
		66BE215D1FF7A86B0078C610 /* FinalUITests */ = {
			isa = PBXNativeTarget;
			buildConfigurationList = 66BE216D1FF7A86B0078C610 /* Build configuration list for PBXNativeTarget "FinalUITests" */;
			buildPhases = (
				66BE215A1FF7A86B0078C610 /* Sources */,
				66BE215B1FF7A86B0078C610 /* Frameworks */,
				66BE215C1FF7A86B0078C610 /* Resources */,
			);
			buildRules = (
			);
			dependencies = (
				66BE21601FF7A86B0078C610 /* PBXTargetDependency */,
			);
			name = FinalUITests;
			productName = FinalUITests;
			productReference = 66BE215E1FF7A86B0078C610 /* FinalUITests.xctest */;
			productType = "com.apple.product-type.bundle.ui-testing";
		};
/* End PBXNativeTarget section */

/* Begin PBXProject section */
		66BE21371FF7A86B0078C610 /* Project object */ = {
			isa = PBXProject;
			attributes = {
				LastSwiftUpdateCheck = 0920;
				LastUpgradeCheck = 0920;
				ORGANIZATIONNAME = chunting;
				TargetAttributes = {
					66BE213E1FF7A86B0078C610 = {
						CreatedOnToolsVersion = 9.2;
						ProvisioningStyle = Automatic;
					};
					66BE21521FF7A86B0078C610 = {
						CreatedOnToolsVersion = 9.2;
						ProvisioningStyle = Automatic;
						TestTargetID = 66BE213E1FF7A86B0078C610;
					};
					66BE215D1FF7A86B0078C610 = {
						CreatedOnToolsVersion = 9.2;
						ProvisioningStyle = Automatic;
						TestTargetID = 66BE213E1FF7A86B0078C610;
					};
				};
			};
			buildConfigurationList = 66BE213A1FF7A86B0078C610 /* Build configuration list for PBXProject "Final" */;
			compatibilityVersion = "Xcode 8.0";
			developmentRegion = en;
			hasScannedForEncodings = 0;
			knownRegions = (
				en,
				Base,
			);
			mainGroup = 66BE21361FF7A86B0078C610;
			productRefGroup = 66BE21401FF7A86B0078C610 /* Products */;
			projectDirPath = "";
			projectRoot = "";
			targets = (
				66BE213E1FF7A86B0078C610 /* Final */,
				66BE21521FF7A86B0078C610 /* FinalTests */,
				66BE215D1FF7A86B0078C610 /* FinalUITests */,
			);
		};
/* End PBXProject section */

/* Begin PBXResourcesBuildPhase section */
		66BE213D1FF7A86B0078C610 /* Resources */ = {
			isa = PBXResourcesBuildPhase;
			buildActionMask = 2147483647;
			files = (
				66BE214D1FF7A86B0078C610 /* LaunchScreen.storyboard in Resources */,
				66BE214A1FF7A86B0078C610 /* Assets.xcassets in Resources */,
				66BE21481FF7A86B0078C610 /* Main.storyboard in Resources */,
			);
			runOnlyForDeploymentPostprocessing = 0;
		};
		66BE21511FF7A86B0078C610 /* Resources */ = {
			isa = PBXResourcesBuildPhase;
			buildActionMask = 2147483647;
			files = (
			);
			runOnlyForDeploymentPostprocessing = 0;
		};
		66BE215C1FF7A86B0078C610 /* Resources */ = {
			isa = PBXResourcesBuildPhase;
			buildActionMask = 2147483647;
			files = (
			);
			runOnlyForDeploymentPostprocessing = 0;
		};
/* End PBXResourcesBuildPhase section */

/* Begin PBXSourcesBuildPhase section */
		66BE213B1FF7A86B0078C610 /* Sources */ = {
			isa = PBXSourcesBuildPhase;
			buildActionMask = 2147483647;
			files = (
				66BE21831FF9014C0078C610 /* RestaurantTableViewCell.swift in Sources */,
				66BE217B1FF7D2740078C610 /* AttractionTableViewCell.swift in Sources */,
				66BE217F1FF900D80078C610 /* AttractionTableViewController.swift in Sources */,
				66BE21811FF901370078C610 /* RestaurantTableViewController.swift in Sources */,
				66BE21431FF7A86B0078C610 /* AppDelegate.swift in Sources */,
			);
			runOnlyForDeploymentPostprocessing = 0;
		};
		66BE214F1FF7A86B0078C610 /* Sources */ = {
			isa = PBXSourcesBuildPhase;
			buildActionMask = 2147483647;
			files = (
				66BE21581FF7A86B0078C610 /* FinalTests.swift in Sources */,
			);
			runOnlyForDeploymentPostprocessing = 0;
		};
		66BE215A1FF7A86B0078C610 /* Sources */ = {
			isa = PBXSourcesBuildPhase;
			buildActionMask = 2147483647;
			files = (
				66BE21631FF7A86B0078C610 /* FinalUITests.swift in Sources */,
			);
			runOnlyForDeploymentPostprocessing = 0;
		};
/* End PBXSourcesBuildPhase section */

/* Begin PBXTargetDependency section */
		66BE21551FF7A86B0078C610 /* PBXTargetDependency */ = {
			isa = PBXTargetDependency;
			target = 66BE213E1FF7A86B0078C610 /* Final */;
			targetProxy = 66BE21541FF7A86B0078C610 /* PBXContainerItemProxy */;
		};
		66BE21601FF7A86B0078C610 /* PBXTargetDependency */ = {
			isa = PBXTargetDependency;
			target = 66BE213E1FF7A86B0078C610 /* Final */;
			targetProxy = 66BE215F1FF7A86B0078C610 /* PBXContainerItemProxy */;
		};
/* End PBXTargetDependency section */

/* Begin PBXVariantGroup section */
		66BE21461FF7A86B0078C610 /* Main.storyboard */ = {
			isa = PBXVariantGroup;
			children = (
				66BE21471FF7A86B0078C610 /* Base */,
			);
			name = Main.storyboard;
			sourceTree = "<group>";
		};
		66BE214B1FF7A86B0078C610 /* LaunchScreen.storyboard */ = {
			isa = PBXVariantGroup;
			children = (
				66BE214C1FF7A86B0078C610 /* Base */,
			);
			name = LaunchScreen.storyboard;
			sourceTree = "<group>";
		};
/* End PBXVariantGroup section */

/* Begin XCBuildConfiguration section */
		66BE21651FF7A86B0078C610 /* Debug */ = {
			isa = XCBuildConfiguration;
			buildSettings = {
				ALWAYS_SEARCH_USER_PATHS = NO;
				CLANG_ANALYZER_NONNULL = YES;
				CLANG_ANALYZER_NUMBER_OBJECT_CONVERSION = YES_AGGRESSIVE;
				CLANG_CXX_LANGUAGE_STANDARD = "gnu++14";
				CLANG_CXX_LIBRARY = "libc++";
				CLANG_ENABLE_MODULES = YES;
				CLANG_ENABLE_OBJC_ARC = YES;
				CLANG_WARN_BLOCK_CAPTURE_AUTORELEASING = YES;
				CLANG_WARN_BOOL_CONVERSION = YES;
				CLANG_WARN_COMMA = YES;
				CLANG_WARN_CONSTANT_CONVERSION = YES;
				CLANG_WARN_DIRECT_OBJC_ISA_USAGE = YES_ERROR;
				CLANG_WARN_DOCUMENTATION_COMMENTS = YES;
				CLANG_WARN_EMPTY_BODY = YES;
				CLANG_WARN_ENUM_CONVERSION = YES;
				CLANG_WARN_INFINITE_RECURSION = YES;
				CLANG_WARN_INT_CONVERSION = YES;
				CLANG_WARN_NON_LITERAL_NULL_CONVERSION = YES;
				CLANG_WARN_OBJC_LITERAL_CONVERSION = YES;
				CLANG_WARN_OBJC_ROOT_CLASS = YES_ERROR;
				CLANG_WARN_RANGE_LOOP_ANALYSIS = YES;
				CLANG_WARN_STRICT_PROTOTYPES = YES;
				CLANG_WARN_SUSPICIOUS_MOVE = YES;
				CLANG_WARN_UNGUARDED_AVAILABILITY = YES_AGGRESSIVE;
				CLANG_WARN_UNREACHABLE_CODE = YES;
				CLANG_WARN__DUPLICATE_METHOD_MATCH = YES;
				CODE_SIGN_IDENTITY = "iPhone Developer";
				COPY_PHASE_STRIP = NO;
				DEBUG_INFORMATION_FORMAT = dwarf;
				ENABLE_STRICT_OBJC_MSGSEND = YES;
				ENABLE_TESTABILITY = YES;
				GCC_C_LANGUAGE_STANDARD = gnu11;
				GCC_DYNAMIC_NO_PIC = NO;
				GCC_NO_COMMON_BLOCKS = YES;
				GCC_OPTIMIZATION_LEVEL = 0;
				GCC_PREPROCESSOR_DEFINITIONS = (
					"DEBUG=1",
					"$(inherited)",
				);
				GCC_WARN_64_TO_32_BIT_CONVERSION = YES;
				GCC_WARN_ABOUT_RETURN_TYPE = YES_ERROR;
				GCC_WARN_UNDECLARED_SELECTOR = YES;
				GCC_WARN_UNINITIALIZED_AUTOS = YES_AGGRESSIVE;
				GCC_WARN_UNUSED_FUNCTION = YES;
				GCC_WARN_UNUSED_VARIABLE = YES;
				IPHONEOS_DEPLOYMENT_TARGET = 11.2;
				MTL_ENABLE_DEBUG_INFO = YES;
				ONLY_ACTIVE_ARCH = YES;
				SDKROOT = iphoneos;
				SWIFT_ACTIVE_COMPILATION_CONDITIONS = DEBUG;
				SWIFT_OPTIMIZATION_LEVEL = "-Onone";
			};
			name = Debug;
		};
		66BE21661FF7A86B0078C610 /* Release */ = {
			isa = XCBuildConfiguration;
			buildSettings = {
				ALWAYS_SEARCH_USER_PATHS = NO;
				CLANG_ANALYZER_NONNULL = YES;
				CLANG_ANALYZER_NUMBER_OBJECT_CONVERSION = YES_AGGRESSIVE;
				CLANG_CXX_LANGUAGE_STANDARD = "gnu++14";
				CLANG_CXX_LIBRARY = "libc++";
				CLANG_ENABLE_MODULES = YES;
				CLANG_ENABLE_OBJC_ARC = YES;
				CLANG_WARN_BLOCK_CAPTURE_AUTORELEASING = YES;
				CLANG_WARN_BOOL_CONVERSION = YES;
				CLANG_WARN_COMMA = YES;
				CLANG_WARN_CONSTANT_CONVERSION = YES;
				CLANG_WARN_DIRECT_OBJC_ISA_USAGE = YES_ERROR;
				CLANG_WARN_DOCUMENTATION_COMMENTS = YES;
				CLANG_WARN_EMPTY_BODY = YES;
				CLANG_WARN_ENUM_CONVERSION = YES;
				CLANG_WARN_INFINITE_RECURSION = YES;
				CLANG_WARN_INT_CONVERSION = YES;
				CLANG_WARN_NON_LITERAL_NULL_CONVERSION = YES;
				CLANG_WARN_OBJC_LITERAL_CONVERSION = YES;
				CLANG_WARN_OBJC_ROOT_CLASS = YES_ERROR;
				CLANG_WARN_RANGE_LOOP_ANALYSIS = YES;
				CLANG_WARN_STRICT_PROTOTYPES = YES;
				CLANG_WARN_SUSPICIOUS_MOVE = YES;
				CLANG_WARN_UNGUARDED_AVAILABILITY = YES_AGGRESSIVE;
				CLANG_WARN_UNREACHABLE_CODE = YES;
				CLANG_WARN__DUPLICATE_METHOD_MATCH = YES;
				CODE_SIGN_IDENTITY = "iPhone Developer";
				COPY_PHASE_STRIP = NO;
				DEBUG_INFORMATION_FORMAT = "dwarf-with-dsym";
				ENABLE_NS_ASSERTIONS = NO;
				ENABLE_STRICT_OBJC_MSGSEND = YES;
				GCC_C_LANGUAGE_STANDARD = gnu11;
				GCC_NO_COMMON_BLOCKS = YES;
				GCC_WARN_64_TO_32_BIT_CONVERSION = YES;
				GCC_WARN_ABOUT_RETURN_TYPE = YES_ERROR;
				GCC_WARN_UNDECLARED_SELECTOR = YES;
				GCC_WARN_UNINITIALIZED_AUTOS = YES_AGGRESSIVE;
				GCC_WARN_UNUSED_FUNCTION = YES;
				GCC_WARN_UNUSED_VARIABLE = YES;
				IPHONEOS_DEPLOYMENT_TARGET = 11.2;
				MTL_ENABLE_DEBUG_INFO = NO;
				SDKROOT = iphoneos;
				SWIFT_OPTIMIZATION_LEVEL = "-Owholemodule";
				VALIDATE_PRODUCT = YES;
			};
			name = Release;
		};
		66BE21681FF7A86B0078C610 /* Debug */ = {
			isa = XCBuildConfiguration;
			buildSettings = {
				ASSETCATALOG_COMPILER_APPICON_NAME = AppIcon;
				CODE_SIGN_STYLE = Automatic;
				INFOPLIST_FILE = Final/Info.plist;
				LD_RUNPATH_SEARCH_PATHS = "$(inherited) @executable_path/Frameworks";
				PRODUCT_BUNDLE_IDENTIFIER = com.chunting.Final;
				PRODUCT_NAME = "$(TARGET_NAME)";
				SWIFT_VERSION = 4.0;
				TARGETED_DEVICE_FAMILY = "1,2";
			};
			name = Debug;
		};
		66BE21691FF7A86B0078C610 /* Release */ = {
			isa = XCBuildConfiguration;
			buildSettings = {
				ASSETCATALOG_COMPILER_APPICON_NAME = AppIcon;
				CODE_SIGN_STYLE = Automatic;
				INFOPLIST_FILE = Final/Info.plist;
				LD_RUNPATH_SEARCH_PATHS = "$(inherited) @executable_path/Frameworks";
				PRODUCT_BUNDLE_IDENTIFIER = com.chunting.Final;
				PRODUCT_NAME = "$(TARGET_NAME)";
				SWIFT_VERSION = 4.0;
				TARGETED_DEVICE_FAMILY = "1,2";
			};
			name = Release;
		};
		66BE216B1FF7A86B0078C610 /* Debug */ = {
			isa = XCBuildConfiguration;
			buildSettings = {
				ALWAYS_EMBED_SWIFT_STANDARD_LIBRARIES = YES;
				BUNDLE_LOADER = "$(TEST_HOST)";
				CODE_SIGN_STYLE = Automatic;
				INFOPLIST_FILE = FinalTests/Info.plist;
				LD_RUNPATH_SEARCH_PATHS = "$(inherited) @executable_path/Frameworks @loader_path/Frameworks";
				PRODUCT_BUNDLE_IDENTIFIER = com.chunting.FinalTests;
				PRODUCT_NAME = "$(TARGET_NAME)";
				SWIFT_VERSION = 4.0;
				TARGETED_DEVICE_FAMILY = "1,2";
				TEST_HOST = "$(BUILT_PRODUCTS_DIR)/Final.app/Final";
			};
			name = Debug;
		};
		66BE216C1FF7A86B0078C610 /* Release */ = {
			isa = XCBuildConfiguration;
			buildSettings = {
				ALWAYS_EMBED_SWIFT_STANDARD_LIBRARIES = YES;
				BUNDLE_LOADER = "$(TEST_HOST)";
				CODE_SIGN_STYLE = Automatic;
				INFOPLIST_FILE = FinalTests/Info.plist;
				LD_RUNPATH_SEARCH_PATHS = "$(inherited) @executable_path/Frameworks @loader_path/Frameworks";
				PRODUCT_BUNDLE_IDENTIFIER = com.chunting.FinalTests;
				PRODUCT_NAME = "$(TARGET_NAME)";
				SWIFT_VERSION = 4.0;
				TARGETED_DEVICE_FAMILY = "1,2";
				TEST_HOST = "$(BUILT_PRODUCTS_DIR)/Final.app/Final";
			};
			name = Release;
		};
		66BE216E1FF7A86B0078C610 /* Debug */ = {
			isa = XCBuildConfiguration;
			buildSettings = {
				ALWAYS_EMBED_SWIFT_STANDARD_LIBRARIES = YES;
				CODE_SIGN_STYLE = Automatic;
				INFOPLIST_FILE = FinalUITests/Info.plist;
				LD_RUNPATH_SEARCH_PATHS = "$(inherited) @executable_path/Frameworks @loader_path/Frameworks";
				PRODUCT_BUNDLE_IDENTIFIER = com.chunting.FinalUITests;
				PRODUCT_NAME = "$(TARGET_NAME)";
				SWIFT_VERSION = 4.0;
				TARGETED_DEVICE_FAMILY = "1,2";
				TEST_TARGET_NAME = Final;
			};
			name = Debug;
		};
		66BE216F1FF7A86B0078C610 /* Release */ = {
			isa = XCBuildConfiguration;
			buildSettings = {
				ALWAYS_EMBED_SWIFT_STANDARD_LIBRARIES = YES;
				CODE_SIGN_STYLE = Automatic;
				INFOPLIST_FILE = FinalUITests/Info.plist;
				LD_RUNPATH_SEARCH_PATHS = "$(inherited) @executable_path/Frameworks @loader_path/Frameworks";
				PRODUCT_BUNDLE_IDENTIFIER = com.chunting.FinalUITests;
				PRODUCT_NAME = "$(TARGET_NAME)";
				SWIFT_VERSION = 4.0;
				TARGETED_DEVICE_FAMILY = "1,2";
				TEST_TARGET_NAME = Final;
			};
			name = Release;
		};
/* End XCBuildConfiguration section */

/* Begin XCConfigurationList section */
		66BE213A1FF7A86B0078C610 /* Build configuration list for PBXProject "Final" */ = {
			isa = XCConfigurationList;
			buildConfigurations = (
				66BE21651FF7A86B0078C610 /* Debug */,
				66BE21661FF7A86B0078C610 /* Release */,
			);
			defaultConfigurationIsVisible = 0;
			defaultConfigurationName = Release;
		};
		66BE21671FF7A86B0078C610 /* Build configuration list for PBXNativeTarget "Final" */ = {
			isa = XCConfigurationList;
			buildConfigurations = (
				66BE21681FF7A86B0078C610 /* Debug */,
				66BE21691FF7A86B0078C610 /* Release */,
			);
			defaultConfigurationIsVisible = 0;
			defaultConfigurationName = Release;
		};
		66BE216A1FF7A86B0078C610 /* Build configuration list for PBXNativeTarget "FinalTests" */ = {
			isa = XCConfigurationList;
			buildConfigurations = (
				66BE216B1FF7A86B0078C610 /* Debug */,
				66BE216C1FF7A86B0078C610 /* Release */,
			);
			defaultConfigurationIsVisible = 0;
			defaultConfigurationName = Release;
		};
		66BE216D1FF7A86B0078C610 /* Build configuration list for PBXNativeTarget "FinalUITests" */ = {
			isa = XCConfigurationList;
			buildConfigurations = (
				66BE216E1FF7A86B0078C610 /* Debug */,
				66BE216F1FF7A86B0078C610 /* Release */,
			);
			defaultConfigurationIsVisible = 0;
			defaultConfigurationName = Release;
		};
/* End XCConfigurationList section */
	};
	rootObject = 66BE21371FF7A86B0078C610 /* Project object */;
}
